
Microsoft Visual Studio Solution File, Format Version 12.00
# Visual Studio Version 17
VisualStudioVersion = 17.5.33530.505
MinimumVisualStudioVersion = 10.0.40219.1
Project("{FAE04EC0-301F-11D3-BF4B-00C04F79EFBC}") = "NewDiscordRPC", "NewDiscordRPC\NewDiscordRPC.csproj", "{CFDD8D26-3050-4E8D-8DC0-4EFC336396BE}"
EndProject
Global
	GlobalSection(SolutionConfigurationPlatforms) = preSolution
		Debug|Any CPU = Debug|Any CPU
		Release|Any CPU = Release|Any CPU
	EndGlobalSection
	GlobalSection(ProjectConfigurationPlatforms) = postSolution
		{CFDD8D26-3050-4E8D-8DC0-4EFC336396BE}.Debug|Any CPU.ActiveCfg = Debug|Any CPU
		{CFDD8D26-3050-4E8D-8DC0-4EFC336396BE}.Debug|Any CPU.Build.0 = Debug|Any CPU
		{CFDD8D26-3050-4E8D-8DC0-4EFC336396BE}.Release|Any CPU.ActiveCfg = Release|Any CPU
		{CFDD8D26-3050-4E8D-8DC0-4EFC336396BE}.Release|Any CPU.Build.0 = Release|Any CPU
	EndGlobalSection
	GlobalSection(SolutionProperties) = preSolution
		HideSolutionNode = FALSE
	EndGlobalSection
	GlobalSection(ExtensibilityGlobals) = postSolution
		SolutionGuid = {F72E813B-DE8A-47FF-80C8-0DCD6FE83D37}
	EndGlobalSection
EndGlobal
